
Microsoft Visual Studio Solution File, Format Version 12.00
# Visual Studio Version 16
VisualStudioVersion = 16.0.30804.86
MinimumVisualStudioVersion = 10.0.40219.1
Project("{FAE04EC0-301F-11D3-BF4B-00C04F79EFBC}") = "Dating4U", "Dating4U\Dating4U.csproj", "{1D8B1414-F6BA-4DBE-9500-D55E93BCBD38}"
EndProject
Project("{FAE04EC0-301F-11D3-BF4B-00C04F79EFBC}") = "DataLayer", "DataLayer\DataLayer.csproj", "{6EB206F9-ECF5-4605-9A27-9BC7E26C6B89}"
EndProject
Global
	GlobalSection(SolutionConfigurationPlatforms) = preSolution
		Debug|Any CPU = Debug|Any CPU
		Release|Any CPU = Release|Any CPU
	EndGlobalSection
	GlobalSection(ProjectConfigurationPlatforms) = postSolution
		{1D8B1414-F6BA-4DBE-9500-D55E93BCBD38}.Debug|Any CPU.ActiveCfg = Debug|Any CPU
		{1D8B1414-F6BA-4DBE-9500-D55E93BCBD38}.Debug|Any CPU.Build.0 = Debug|Any CPU
		{1D8B1414-F6BA-4DBE-9500-D55E93BCBD38}.Release|Any CPU.ActiveCfg = Release|Any CPU
		{1D8B1414-F6BA-4DBE-9500-D55E93BCBD38}.Release|Any CPU.Build.0 = Release|Any CPU
		{6EB206F9-ECF5-4605-9A27-9BC7E26C6B89}.Debug|Any CPU.ActiveCfg = Debug|Any CPU
		{6EB206F9-ECF5-4605-9A27-9BC7E26C6B89}.Debug|Any CPU.Build.0 = Debug|Any CPU
		{6EB206F9-ECF5-4605-9A27-9BC7E26C6B89}.Release|Any CPU.ActiveCfg = Release|Any CPU
		{6EB206F9-ECF5-4605-9A27-9BC7E26C6B89}.Release|Any CPU.Build.0 = Release|Any CPU
	EndGlobalSection
	GlobalSection(SolutionProperties) = preSolution
		HideSolutionNode = FALSE
	EndGlobalSection
	GlobalSection(ExtensibilityGlobals) = postSolution
		SolutionGuid = {87EC6931-B2FC-4CF4-A84F-7F766CC580EA}
	EndGlobalSection
EndGlobal
